
Microsoft Visual Studio Solution File, Format Version 12.00
# Visual Studio Version 17
VisualStudioVersion = 17.11.35312.102
MinimumVisualStudioVersion = 10.0.40219.1
Project("{FAE04EC0-301F-11D3-BF4B-00C04F79EFBC}") = "HospitalManagment", "HospitalManagment.csproj", "{9A34CF6D-229B-4254-94A1-1578F1EAD81E}"
EndProject
Global
	GlobalSection(SolutionConfigurationPlatforms) = preSolution
		Debug|Any CPU = Debug|Any CPU
		Release|Any CPU = Release|Any CPU
	EndGlobalSection
	GlobalSection(ProjectConfigurationPlatforms) = postSolution
		{9A34CF6D-229B-4254-94A1-1578F1EAD81E}.Debug|Any CPU.ActiveCfg = Debug|Any CPU
		{9A34CF6D-229B-4254-94A1-1578F1EAD81E}.Debug|Any CPU.Build.0 = Debug|Any CPU
		{9A34CF6D-229B-4254-94A1-1578F1EAD81E}.Release|Any CPU.ActiveCfg = Release|Any CPU
		{9A34CF6D-229B-4254-94A1-1578F1EAD81E}.Release|Any CPU.Build.0 = Release|Any CPU
	EndGlobalSection
	GlobalSection(SolutionProperties) = preSolution
		HideSolutionNode = FALSE
	EndGlobalSection
	GlobalSection(ExtensibilityGlobals) = postSolution
		SolutionGuid = {F096D8F7-2FEE-47B5-A370-E4F6C16CD176}
	EndGlobalSection
EndGlobal
